lockfileVersion: '9.0'

settings:
  autoInstallPeers: true
  excludeLinksFromLockfile: false

importers:

  .: {}

  packages/a:
    dependencies:
      '@lexical/clipboard':
        specifier: 0.12.6
        version: 0.12.6(lexical@0.12.6)
      '@lexical/markdown':
        specifier: ^0.12.6
        version: 0.12.6(@lexical/clipboard@0.12.6(lexical@0.12.6))(@lexical/selection@0.12.6(lexical@0.12.6))(lexical@0.12.6)
      '@lexical/selection':
        specifier: 0.12.6
        version: 0.12.6(lexical@0.12.6)
      '@lexical/utils':
        specifier: 0.12.6
        version: 0.12.6(lexical@0.12.6)
      lexical:
        specifier: 0.12.6
        version: 0.12.6

  packages/b:
    dependencies:
      '@lexical/clipboard':
        specifier: ^0.30.0
        version: 0.30.0

packages:

  '@lexical/clipboard@0.12.6':
    resolution: {integrity: sha512-rJFp7tXzawCrMWWRsjCR80dZoIkLJ/EPgPmTk3xqpc+9ntlwbkm3LUOdFmgN+pshnhiZTQBwbFqg/QbsA1Pw9g==}
    peerDependencies:
      lexical: 0.12.6

  '@lexical/clipboard@0.30.0':
    resolution: {integrity: sha512-taWQURtE6xF4Jy4I8teQw3+nVBVNO1r+9N9voXeivgwxSrAM40rjqQ/aZEKxWbwZtfkABDkCEArbVrqP0SkWcQ==}

  '@lexical/code@0.12.6':
    resolution: {integrity: sha512-D0IBKLzDFfVqk+3KPlJd2gWIq+h5QOsVn5Atz/Eh2eLRpOakSsZiRjmddsijoLsZbvgo1HObRPQAoeATRPWIzg==}
    peerDependencies:
      lexical: 0.12.6

  '@lexical/html@0.12.6':
    resolution: {integrity: sha512-HVlJLCkazLbLpxdw0mwMkteQuv6OMkJTlAi6qGJimtuqJLm45BpaQ16PTpUmFWpWeIHL2XpvcDX/lj5fm68XPA==}
    peerDependencies:
      lexical: 0.12.6

  '@lexical/html@0.30.0':
    resolution: {integrity: sha512-GdegWO6RjJ7eE+yD3Z0X/OpT88SZjOs3DyQ0rgrZy3z7RPaFCbEEcq0M/NssJbKAB1XOFUsUFrnS7kZs1vJzGg==}

  '@lexical/link@0.12.6':
    resolution: {integrity: sha512-mrFFWR0EZ9liRUzHZqb2ijUDZqkCM+bNsyYqLh4I1CrJpzQtakyIEJt/GzYz4IHmmsRqwcc2zXUP/4kENjjPlQ==}
    peerDependencies:
      lexical: 0.12.6

  '@lexical/list@0.12.6':
    resolution: {integrity: sha512-9DFe8vpSxZ8NQZ/67ZFNiRptB3XPa7mUl0Rmd5WpbJHJHmiORyngYkYgKOW56T/TCtYcLfkTbctMhsIt8OeIqQ==}
    peerDependencies:
      lexical: 0.12.6

  '@lexical/list@0.30.0':
    resolution: {integrity: sha512-WKnwH+Cg+j2I0EbaEyPHo8MPNyrqQV3W1NmH5Mf/iRxCq42z7NJxemhmRUxbqv8vsugACwBkh2RlkhekRXmUQQ==}

  '@lexical/markdown@0.12.6':
    resolution: {integrity: sha512-q1cQ4w6KYxUF1N6nGwJTZwn8szLo0kbr8DzI62samZTxeztA0ByMSZLzvO5LSGhgeDremuWx5oa97s2qJMQZFw==}
    peerDependencies:
      lexical: 0.12.6

  '@lexical/rich-text@0.12.6':
    resolution: {integrity: sha512-fRZHy2ug6Pq+pJK7trr9phTGaD2ba3If8o36dphOsl27MtUllpz68lcXL6mUonzJhAu4um1e9u7GFR3dLp+cVA==}
    peerDependencies:
      '@lexical/clipboard': 0.12.6
      '@lexical/selection': 0.12.6
      '@lexical/utils': 0.12.6
      lexical: 0.12.6

  '@lexical/selection@0.12.6':
    resolution: {integrity: sha512-HJBEazVwOe6duyHV6+vB/MS4kUBlCV05Cfcigdx8HlLLFQRWPqHrTpaxKz4jfb9ar0SlI2W1BUNbySAxMkC/HQ==}
    peerDependencies:
      lexical: 0.12.6

  '@lexical/selection@0.30.0':
    resolution: {integrity: sha512-Ys2XfSmIV/Irg6Xo663YtR4jozIv/7sDemArkEGHT0fxZn2py5qftowPF5IBqFYxKTigAdv5vVPwusBvAnLIEg==}

  '@lexical/table@0.12.6':
    resolution: {integrity: sha512-rUh9/fN831T6UpNiPuzx0x6HNi/eQ7W5AQrVBwwzEwkbwAqnE0n28DP924AUbX72UsQNHtywgmDApMoEV7W2iQ==}
    peerDependencies:
      lexical: 0.12.6

  '@lexical/table@0.30.0':
    resolution: {integrity: sha512-XPCIMIGnZLKTa5/4cP16bXbmzvMndPR273HNl7ZaF35ky7UjZxdj42HBbE7q9zw2zbRPDiO77EyhYA0p20cbdw==}

  '@lexical/text@0.12.6':
    resolution: {integrity: sha512-WfqfH9gvPAx9Hi9wrJDWECdvt6turPQXImCRI657LVfsP2hHh4eHpcSnd3YYH313pv98HPWmeMstBbEieYwTpQ==}
    peerDependencies:
      lexical: 0.12.6

  '@lexical/utils@0.12.6':
    resolution: {integrity: sha512-hK5r/TD2nH5TfWSiCxy7/lh0s11qJcI1wo++PBQOR9o937pQ+/Zr/1tMOc8MnrTpl89mtmYtPfWW3f++HH1Yog==}
    peerDependencies:
      lexical: 0.12.6

  '@lexical/utils@0.30.0':
    resolution: {integrity: sha512-VJlAUhupCZmnbYYX3zMWovd4viu2guR01sAqKGbbOMbP+4rlaymixFbinvNPaRKDBloOARi+fpiveQFxnyr/Ew==}

  lexical@0.12.6:
    resolution: {integrity: sha512-Nlfjc+k9cIWpOMv7XufF0Mv09TAXSemNAuAqFLaOwTcN+RvhvYTDtVLSp9D9r+5I097fYs1Vf/UYwH2xEpkFfQ==}

  lexical@0.30.0:
    resolution: {integrity: sha512-6gxYeXaJiAcreJD0whCofvO0MuJmnWoIgIl1w7L5FTigfhnEohuCx2SoI/oywzfzXE9gzZnyr3rVvZrMItPL8A==}

  prismjs@1.30.0:
    resolution: {integrity: sha512-DEvV2ZF2r2/63V+tK8hQvrR2ZGn10srHbXviTlcv7Kpzw8jWiNTqbVgjO3IY8RxrrOUF8VPMQQFysYYYv0YZxw==}
    engines: {node: '>=6'}

snapshots:

  '@lexical/clipboard@0.12.6(lexical@0.12.6)':
    dependencies:
      '@lexical/html': 0.12.6(lexical@0.12.6)
      '@lexical/list': 0.12.6(lexical@0.12.6)
      '@lexical/selection': 0.12.6(lexical@0.12.6)
      '@lexical/utils': 0.12.6(lexical@0.12.6)
      lexical: 0.12.6

  '@lexical/clipboard@0.30.0':
    dependencies:
      '@lexical/html': 0.30.0
      '@lexical/list': 0.30.0
      '@lexical/selection': 0.30.0
      '@lexical/utils': 0.30.0
      lexical: 0.30.0

  '@lexical/code@0.12.6(lexical@0.12.6)':
    dependencies:
      '@lexical/utils': 0.12.6(lexical@0.12.6)
      lexical: 0.12.6
      prismjs: 1.30.0

  '@lexical/html@0.12.6(lexical@0.12.6)':
    dependencies:
      '@lexical/selection': 0.12.6(lexical@0.12.6)
      '@lexical/utils': 0.12.6(lexical@0.12.6)
      lexical: 0.12.6

  '@lexical/html@0.30.0':
    dependencies:
      '@lexical/selection': 0.30.0
      '@lexical/utils': 0.30.0
      lexical: 0.30.0

  '@lexical/link@0.12.6(lexical@0.12.6)':
    dependencies:
      '@lexical/utils': 0.12.6(lexical@0.12.6)
      lexical: 0.12.6

  '@lexical/list@0.12.6(lexical@0.12.6)':
    dependencies:
      '@lexical/utils': 0.12.6(lexical@0.12.6)
      lexical: 0.12.6

  '@lexical/list@0.30.0':
    dependencies:
      '@lexical/selection': 0.30.0
      '@lexical/utils': 0.30.0
      lexical: 0.30.0

  '@lexical/markdown@0.12.6(@lexical/clipboard@0.12.6(lexical@0.12.6))(@lexical/selection@0.12.6(lexical@0.12.6))(lexical@0.12.6)':
    dependencies:
      '@lexical/code': 0.12.6(lexical@0.12.6)
      '@lexical/link': 0.12.6(lexical@0.12.6)
      '@lexical/list': 0.12.6(lexical@0.12.6)
      '@lexical/rich-text': 0.12.6(@lexical/clipboard@0.12.6(lexical@0.12.6))(@lexical/selection@0.12.6(lexical@0.12.6))(@lexical/utils@0.12.6(lexical@0.12.6))(lexical@0.12.6)
      '@lexical/text': 0.12.6(lexical@0.12.6)
      '@lexical/utils': 0.12.6(lexical@0.12.6)
      lexical: 0.12.6
    transitivePeerDependencies:
      - '@lexical/clipboard'
      - '@lexical/selection'

  '@lexical/rich-text@0.12.6(@lexical/clipboard@0.12.6(lexical@0.12.6))(@lexical/selection@0.12.6(lexical@0.12.6))(@lexical/utils@0.12.6(lexical@0.12.6))(lexical@0.12.6)':
    dependencies:
      '@lexical/clipboard': 0.12.6(lexical@0.12.6)
      '@lexical/selection': 0.12.6(lexical@0.12.6)
      '@lexical/utils': 0.12.6(lexical@0.12.6)
      lexical: 0.12.6

  '@lexical/selection@0.12.6(lexical@0.12.6)':
    dependencies:
      lexical: 0.12.6

  '@lexical/selection@0.30.0':
    dependencies:
      lexical: 0.30.0

  '@lexical/table@0.12.6(lexical@0.12.6)':
    dependencies:
      '@lexical/utils': 0.12.6(lexical@0.12.6)
      lexical: 0.12.6

  '@lexical/table@0.30.0':
    dependencies:
      '@lexical/clipboard': 0.30.0
      '@lexical/utils': 0.30.0
      lexical: 0.30.0

  '@lexical/text@0.12.6(lexical@0.12.6)':
    dependencies:
      lexical: 0.12.6

  '@lexical/utils@0.12.6(lexical@0.12.6)':
    dependencies:
      '@lexical/list': 0.12.6(lexical@0.12.6)
      '@lexical/selection': 0.12.6(lexical@0.12.6)
      '@lexical/table': 0.12.6(lexical@0.12.6)
      lexical: 0.12.6

  '@lexical/utils@0.30.0':
    dependencies:
      '@lexical/list': 0.30.0
      '@lexical/selection': 0.30.0
      '@lexical/table': 0.30.0
      lexical: 0.30.0

  lexical@0.12.6: {}

  lexical@0.30.0: {}

  prismjs@1.30.0: {}
