# This file is generated by running "yarn install" inside your project.
# Manual changes might be lost - proceed with caution!

__metadata:
  version: 8
  cacheKey: 10c0

"@lexical/clipboard@npm:0.12.6":
  version: 0.12.6
  resolution: "@lexical/clipboard@npm:0.12.6"
  dependencies:
    "@lexical/html": "npm:0.12.6"
    "@lexical/list": "npm:0.12.6"
    "@lexical/selection": "npm:0.12.6"
    "@lexical/utils": "npm:0.12.6"
  peerDependencies:
    lexical: 0.12.6
  checksum: 10c0/478d2782ef237b27eb5f140025ca4c17d15ae505168ca7af8cf1fd7554271bd776322cf8b38a907e173358212626ea5bf08bf6930f2c0c2856a669c054d7f29c
  languageName: node
  linkType: hard

"@lexical/clipboard@npm:0.30.0, @lexical/clipboard@npm:^0.30.0":
  version: 0.30.0
  resolution: "@lexical/clipboard@npm:0.30.0"
  dependencies:
    "@lexical/html": "npm:0.30.0"
    "@lexical/list": "npm:0.30.0"
    "@lexical/selection": "npm:0.30.0"
    "@lexical/utils": "npm:0.30.0"
    lexical: "npm:0.30.0"
  checksum: 10c0/51d0eb87982bfe9bde04001ecd69970b9e45fe375f0ca8786cc590923e80288b48b4827de2103359241a5968532b252e9f1df0ea4b317a17c47ae74ba0a1c2a9
  languageName: node
  linkType: hard

"@lexical/code@npm:0.12.6":
  version: 0.12.6
  resolution: "@lexical/code@npm:0.12.6"
  dependencies:
    "@lexical/utils": "npm:0.12.6"
    prismjs: "npm:^1.27.0"
  peerDependencies:
    lexical: 0.12.6
  checksum: 10c0/0d27a5d6a005d280b19e25c961e519080dfd133ced6f22d9a1454da74c6b764bef5f608a68bd008cc6eb217c82eaa5519c03d85bdba794f3de1162b7998445b6
  languageName: node
  linkType: hard

"@lexical/html@npm:0.12.6":
  version: 0.12.6
  resolution: "@lexical/html@npm:0.12.6"
  dependencies:
    "@lexical/selection": "npm:0.12.6"
    "@lexical/utils": "npm:0.12.6"
  peerDependencies:
    lexical: 0.12.6
  checksum: 10c0/2d77f09415229748d22e499fc11cee209abf296a02d3e26f27e79d4e29d8e3475b03a5aa985257e8a3fad8bda4504922965816df058adb6e77cb29d00ec46964
  languageName: node
  linkType: hard

"@lexical/html@npm:0.30.0":
  version: 0.30.0
  resolution: "@lexical/html@npm:0.30.0"
  dependencies:
    "@lexical/selection": "npm:0.30.0"
    "@lexical/utils": "npm:0.30.0"
    lexical: "npm:0.30.0"
  checksum: 10c0/e25324dbbb69b2531b4ab2f9ad2136c134caeab79aa34ec3f6f0f0d0cab9f4976ee4848eb8fbfa5461da0d7d45280ff584bed681e938d9d2196eb65bb573e859
  languageName: node
  linkType: hard

"@lexical/link@npm:0.12.6":
  version: 0.12.6
  resolution: "@lexical/link@npm:0.12.6"
  dependencies:
    "@lexical/utils": "npm:0.12.6"
  peerDependencies:
    lexical: 0.12.6
  checksum: 10c0/75614a7ff74d5126b02f58d180c407894e0e4c8d4c9d5932f3b6ec1c088c37269a89a6072763a1d80fb94b4055d404170c9153f5499f197fca9eb8c40cf2307b
  languageName: node
  linkType: hard

"@lexical/list@npm:0.12.6":
  version: 0.12.6
  resolution: "@lexical/list@npm:0.12.6"
  dependencies:
    "@lexical/utils": "npm:0.12.6"
  peerDependencies:
    lexical: 0.12.6
  checksum: 10c0/155e0dff8a703448e1ab45616745b651721d09a4d87c2e94f0fffac686b181092ea47c85478242de274ae8ebfb967bfbe5b9a4c0ce3575aa8a4e817f680d8a56
  languageName: node
  linkType: hard

"@lexical/list@npm:0.30.0":
  version: 0.30.0
  resolution: "@lexical/list@npm:0.30.0"
  dependencies:
    "@lexical/selection": "npm:0.30.0"
    "@lexical/utils": "npm:0.30.0"
    lexical: "npm:0.30.0"
  checksum: 10c0/bf789e56142fcbce059ecc2682dc2099f6f70bbdbeb9893d737763571ac7623a865cc66cf45f62060bcecd5193030779092023be53b2537f3e3a20ac016622d0
  languageName: node
  linkType: hard

"@lexical/markdown@npm:^0.12.6":
  version: 0.12.6
  resolution: "@lexical/markdown@npm:0.12.6"
  dependencies:
    "@lexical/code": "npm:0.12.6"
    "@lexical/link": "npm:0.12.6"
    "@lexical/list": "npm:0.12.6"
    "@lexical/rich-text": "npm:0.12.6"
    "@lexical/text": "npm:0.12.6"
    "@lexical/utils": "npm:0.12.6"
  peerDependencies:
    lexical: 0.12.6
  checksum: 10c0/e5fad13e5e2183c2b27df97c14abf4eb80116dd5bb572e40a398251baf7e0ecbdcc33a2a6d284f12a69750465da956cf687ff5545b9ef2867d90e27cca03f2d8
  languageName: node
  linkType: hard

"@lexical/rich-text@npm:0.12.6":
  version: 0.12.6
  resolution: "@lexical/rich-text@npm:0.12.6"
  peerDependencies:
    "@lexical/clipboard": 0.12.6
    "@lexical/selection": 0.12.6
    "@lexical/utils": 0.12.6
    lexical: 0.12.6
  checksum: 10c0/b2da70ee7f87f7d81eb9c39714196f275af2f5f17950d2ad3a77ea820d59e69361cd910b55723accea25c0292e45d87e91bcc0d38a2c340146ac15b313f04e88
  languageName: node
  linkType: hard

"@lexical/selection@npm:0.12.6":
  version: 0.12.6
  resolution: "@lexical/selection@npm:0.12.6"
  peerDependencies:
    lexical: 0.12.6
  checksum: 10c0/2e5bf2c1c244e8bffbc1a990aa1a9cee6b3815b9ae16ffb6b18a644f0270b5c2b60504341046819ddb0b251fb4f550b396da00683df278ac766c91329ae23292
  languageName: node
  linkType: hard

"@lexical/selection@npm:0.30.0":
  version: 0.30.0
  resolution: "@lexical/selection@npm:0.30.0"
  dependencies:
    lexical: "npm:0.30.0"
  checksum: 10c0/8c499f031a4d8e54d9851972fe283354484bf071053340d9adc5bca2496e8896103ef875a1748af1eb79d68399bf022d887988321fccac6d56044cd9e5f8f4a5
  languageName: node
  linkType: hard

"@lexical/table@npm:0.12.6":
  version: 0.12.6
  resolution: "@lexical/table@npm:0.12.6"
  dependencies:
    "@lexical/utils": "npm:0.12.6"
  peerDependencies:
    lexical: 0.12.6
  checksum: 10c0/d5caee528bf72dcbbb1fc547e9f471741ef6e5e6cf00867caa1167ec4489dbceb6c138d669e2db45ee954ebe92ffeac72436efac8d913bdec18d357795293140
  languageName: node
  linkType: hard

"@lexical/table@npm:0.30.0":
  version: 0.30.0
  resolution: "@lexical/table@npm:0.30.0"
  dependencies:
    "@lexical/clipboard": "npm:0.30.0"
    "@lexical/utils": "npm:0.30.0"
    lexical: "npm:0.30.0"
  checksum: 10c0/ab315f72e5c68b1ec26ca864915d4aa17f0483978f3ef86db24c88a193767660a5352e43e14b49bb94f59020e85cd9a65570b1aa9a538e17fc5e05d21ca6eb41
  languageName: node
  linkType: hard

"@lexical/text@npm:0.12.6":
  version: 0.12.6
  resolution: "@lexical/text@npm:0.12.6"
  peerDependencies:
    lexical: 0.12.6
  checksum: 10c0/8fd6741847b3d90427d8b15a34530d929b2515256e240eadd79d0b36e5e8ebbb5277ba0a9ebcaf3427dcc2eb36242bc8e81f46154bff5db01eb6ecb312b8c6fb
  languageName: node
  linkType: hard

"@lexical/utils@npm:0.12.6":
  version: 0.12.6
  resolution: "@lexical/utils@npm:0.12.6"
  dependencies:
    "@lexical/list": "npm:0.12.6"
    "@lexical/selection": "npm:0.12.6"
    "@lexical/table": "npm:0.12.6"
  peerDependencies:
    lexical: 0.12.6
  checksum: 10c0/cc1009b4b4fa6020e17191dad5cb1d8d95da0df2ab47b8369740102f755c2bb1ea128bd58f5c9ac52a60a41c183fae364fedd7c3c256dce7d7ceabbac112f277
  languageName: node
  linkType: hard

"@lexical/utils@npm:0.30.0":
  version: 0.30.0
  resolution: "@lexical/utils@npm:0.30.0"
  dependencies:
    "@lexical/list": "npm:0.30.0"
    "@lexical/selection": "npm:0.30.0"
    "@lexical/table": "npm:0.30.0"
    lexical: "npm:0.30.0"
  checksum: 10c0/ad996a479c9a66679930604633b46c91ce6df0dee835659a23c1d54f1d3c3b6f52d43497fa474c81ae7990df2a477dc77b5458a1a4b6f01ed1ce7a0542eeabe4
  languageName: node
  linkType: hard

"lexical@npm:0.12.6":
  version: 0.12.6
  resolution: "lexical@npm:0.12.6"
  checksum: 10c0/bda556b99777c32b91338e875675449b13f6c3d595b872a61fa76d4da66c846da6525f854adff5382a0cd168b2445fc659072c24c3537dfd6721738b938a1904
  languageName: node
  linkType: hard

"lexical@npm:0.30.0":
  version: 0.30.0
  resolution: "lexical@npm:0.30.0"
  checksum: 10c0/8834a76e1d7b80029186961be4d7c4a6f82d6475f22eefdec4275b736b39489a31a283cb0c5df8a7f0acb6b7781673f01c87dbbc1a461bdf290b8b2c0aaa1269
  languageName: node
  linkType: hard

"package-a@workspace:packages/a":
  version: 0.0.0-use.local
  resolution: "package-a@workspace:packages/a"
  dependencies:
    "@lexical/clipboard": "npm:0.12.6"
    "@lexical/markdown": "npm:^0.12.6"
    "@lexical/selection": "npm:0.12.6"
    "@lexical/utils": "npm:0.12.6"
    lexical: "npm:0.12.6"
  languageName: unknown
  linkType: soft

"package-b@workspace:packages/b":
  version: 0.0.0-use.local
  resolution: "package-b@workspace:packages/b"
  dependencies:
    "@lexical/clipboard": "npm:^0.30.0"
  languageName: unknown
  linkType: soft

"playground-yarn-hoisting-lexical@workspace:.":
  version: 0.0.0-use.local
  resolution: "playground-yarn-hoisting-lexical@workspace:."
  languageName: unknown
  linkType: soft

"prismjs@npm:^1.27.0":
  version: 1.30.0
  resolution: "prismjs@npm:1.30.0"
  checksum: 10c0/f56205bfd58ef71ccfcbcb691fd0eb84adc96c6ff21b0b69fc6fdcf02be42d6ef972ba4aed60466310de3d67733f6a746f89f2fb79c00bf217406d465b3e8f23
  languageName: node
  linkType: hard
